
Microsoft Visual Studio Solution File, Format Version 12.00
# Visual Studio Version 17
VisualStudioVersion = 17.0.32014.148
MinimumVisualStudioVersion = 10.0.40219.1
Project("{FAE04EC0-301F-11D3-BF4B-00C04F79EFBC}") = "A1ClassWord23-24", "A1ClassWord23-24\A1ClassWord23-24.csproj", "{F098753A-6763-4FD7-BB02-893699817E7A}"
EndProject
Project("{FAE04EC0-301F-11D3-BF4B-00C04F79EFBC}") = "C-Console", "C-Console\C-Console.csproj", "{AF064CB8-3672-4430-8A89-04CDE8ADD05D}"
EndProject
Project("{FAE04EC0-301F-11D3-BF4B-00C04F79EFBC}") = "D-Console", "D-Console\D-Console.csproj", "{D095008D-F35B-42CC-9D2C-B11259BC0244}"
EndProject
Project("{FAE04EC0-301F-11D3-BF4B-00C04F79EFBC}") = "F-Console", "F-Console\F-Console.csproj", "{00B6D8F7-2A27-417B-BFF3-1DA3712FDA1A}"
EndProject
Project("{FAE04EC0-301F-11D3-BF4B-00C04F79EFBC}") = "Progtest1", "Progtest1\Progtest1.csproj", "{EE1D7F4C-7D29-4757-A4A6-EDC57F39BBAD}"
EndProject
Project("{FAE04EC0-301F-11D3-BF4B-00C04F79EFBC}") = "Scratch", "Scratch\Scratch.csproj", "{44687A9A-4AEF-4D06-BAEF-710D83BC5EC4}"
EndProject
Project("{FAE04EC0-301F-11D3-BF4B-00C04F79EFBC}") = "XmasTest", "XmasTest\XmasTest.csproj", "{B98EE078-EC85-443C-B3A9-D02729B4716F}"
EndProject
Project("{FAE04EC0-301F-11D3-BF4B-00C04F79EFBC}") = "Skeleton", "Skeleton\Skeleton.csproj", "{EA1CA406-D887-4DB6-BD45-67B76B49C167}"
EndProject
Global
	GlobalSection(SolutionConfigurationPlatforms) = preSolution
		Debug|Any CPU = Debug|Any CPU
		Release|Any CPU = Release|Any CPU
	EndGlobalSection
	GlobalSection(ProjectConfigurationPlatforms) = postSolution
		{F098753A-6763-4FD7-BB02-893699817E7A}.Debug|Any CPU.ActiveCfg = Debug|Any CPU
		{F098753A-6763-4FD7-BB02-893699817E7A}.Debug|Any CPU.Build.0 = Debug|Any CPU
		{F098753A-6763-4FD7-BB02-893699817E7A}.Release|Any CPU.ActiveCfg = Release|Any CPU
		{F098753A-6763-4FD7-BB02-893699817E7A}.Release|Any CPU.Build.0 = Release|Any CPU
		{AF064CB8-3672-4430-8A89-04CDE8ADD05D}.Debug|Any CPU.ActiveCfg = Debug|Any CPU
		{AF064CB8-3672-4430-8A89-04CDE8ADD05D}.Debug|Any CPU.Build.0 = Debug|Any CPU
		{AF064CB8-3672-4430-8A89-04CDE8ADD05D}.Release|Any CPU.ActiveCfg = Release|Any CPU
		{AF064CB8-3672-4430-8A89-04CDE8ADD05D}.Release|Any CPU.Build.0 = Release|Any CPU
		{D095008D-F35B-42CC-9D2C-B11259BC0244}.Debug|Any CPU.ActiveCfg = Debug|Any CPU
		{D095008D-F35B-42CC-9D2C-B11259BC0244}.Debug|Any CPU.Build.0 = Debug|Any CPU
		{D095008D-F35B-42CC-9D2C-B11259BC0244}.Release|Any CPU.ActiveCfg = Release|Any CPU
		{D095008D-F35B-42CC-9D2C-B11259BC0244}.Release|Any CPU.Build.0 = Release|Any CPU
		{00B6D8F7-2A27-417B-BFF3-1DA3712FDA1A}.Debug|Any CPU.ActiveCfg = Debug|Any CPU
		{00B6D8F7-2A27-417B-BFF3-1DA3712FDA1A}.Debug|Any CPU.Build.0 = Debug|Any CPU
		{00B6D8F7-2A27-417B-BFF3-1DA3712FDA1A}.Release|Any CPU.ActiveCfg = Release|Any CPU
		{00B6D8F7-2A27-417B-BFF3-1DA3712FDA1A}.Release|Any CPU.Build.0 = Release|Any CPU
		{EE1D7F4C-7D29-4757-A4A6-EDC57F39BBAD}.Debug|Any CPU.ActiveCfg = Debug|Any CPU
		{EE1D7F4C-7D29-4757-A4A6-EDC57F39BBAD}.Debug|Any CPU.Build.0 = Debug|Any CPU
		{EE1D7F4C-7D29-4757-A4A6-EDC57F39BBAD}.Release|Any CPU.ActiveCfg = Release|Any CPU
		{EE1D7F4C-7D29-4757-A4A6-EDC57F39BBAD}.Release|Any CPU.Build.0 = Release|Any CPU
		{44687A9A-4AEF-4D06-BAEF-710D83BC5EC4}.Debug|Any CPU.ActiveCfg = Debug|Any CPU
		{44687A9A-4AEF-4D06-BAEF-710D83BC5EC4}.Debug|Any CPU.Build.0 = Debug|Any CPU
		{44687A9A-4AEF-4D06-BAEF-710D83BC5EC4}.Release|Any CPU.ActiveCfg = Release|Any CPU
		{44687A9A-4AEF-4D06-BAEF-710D83BC5EC4}.Release|Any CPU.Build.0 = Release|Any CPU
		{B98EE078-EC85-443C-B3A9-D02729B4716F}.Debug|Any CPU.ActiveCfg = Debug|Any CPU
		{B98EE078-EC85-443C-B3A9-D02729B4716F}.Debug|Any CPU.Build.0 = Debug|Any CPU
		{B98EE078-EC85-443C-B3A9-D02729B4716F}.Release|Any CPU.ActiveCfg = Release|Any CPU
		{B98EE078-EC85-443C-B3A9-D02729B4716F}.Release|Any CPU.Build.0 = Release|Any CPU
		{EA1CA406-D887-4DB6-BD45-67B76B49C167}.Debug|Any CPU.ActiveCfg = Debug|Any CPU
		{EA1CA406-D887-4DB6-BD45-67B76B49C167}.Debug|Any CPU.Build.0 = Debug|Any CPU
		{EA1CA406-D887-4DB6-BD45-67B76B49C167}.Release|Any CPU.ActiveCfg = Release|Any CPU
		{EA1CA406-D887-4DB6-BD45-67B76B49C167}.Release|Any CPU.Build.0 = Release|Any CPU
	EndGlobalSection
	GlobalSection(SolutionProperties) = preSolution
		HideSolutionNode = FALSE
	EndGlobalSection
	GlobalSection(ExtensibilityGlobals) = postSolution
		SolutionGuid = {3687E1A0-BEEA-4583-BED3-B6624440E6D1}
	EndGlobalSection
EndGlobal
